
Microsoft Visual Studio Solution File, Format Version 12.00
# Visual Studio Version 17
VisualStudioVersion = 17.5.33530.505
MinimumVisualStudioVersion = 10.0.40219.1
Project("{9A19103F-16F7-4668-BE54-9A1E7A4F7556}") = "Client", "Client\Client.csproj", "{30A45F6F-90F4-4D69-99A5-80EB38CE424E}"
EndProject
Project("{9A19103F-16F7-4668-BE54-9A1E7A4F7556}") = "gRpcServer", "gRpcServer\gRpcServer.csproj", "{601A867D-A1E5-45F4-A497-AAA515CD87A0}"
EndProject
Project("{9A19103F-16F7-4668-BE54-9A1E7A4F7556}") = "Shared", "Shared\Shared.csproj", "{FAA49C83-1D50-420D-8813-3AFF4F6DE354}"
EndProject
Global
	GlobalSection(SolutionConfigurationPlatforms) = preSolution
		Debug|Any CPU = Debug|Any CPU
		Release|Any CPU = Release|Any CPU
	EndGlobalSection
	GlobalSection(ProjectConfigurationPlatforms) = postSolution
		{30A45F6F-90F4-4D69-99A5-80EB38CE424E}.Debug|Any CPU.ActiveCfg = Debug|Any CPU
		{30A45F6F-90F4-4D69-99A5-80EB38CE424E}.Debug|Any CPU.Build.0 = Debug|Any CPU
		{30A45F6F-90F4-4D69-99A5-80EB38CE424E}.Release|Any CPU.ActiveCfg = Release|Any CPU
		{30A45F6F-90F4-4D69-99A5-80EB38CE424E}.Release|Any CPU.Build.0 = Release|Any CPU
		{601A867D-A1E5-45F4-A497-AAA515CD87A0}.Debug|Any CPU.ActiveCfg = Debug|Any CPU
		{601A867D-A1E5-45F4-A497-AAA515CD87A0}.Debug|Any CPU.Build.0 = Debug|Any CPU
		{601A867D-A1E5-45F4-A497-AAA515CD87A0}.Release|Any CPU.ActiveCfg = Release|Any CPU
		{601A867D-A1E5-45F4-A497-AAA515CD87A0}.Release|Any CPU.Build.0 = Release|Any CPU
		{FAA49C83-1D50-420D-8813-3AFF4F6DE354}.Debug|Any CPU.ActiveCfg = Debug|Any CPU
		{FAA49C83-1D50-420D-8813-3AFF4F6DE354}.Debug|Any CPU.Build.0 = Debug|Any CPU
		{FAA49C83-1D50-420D-8813-3AFF4F6DE354}.Release|Any CPU.ActiveCfg = Release|Any CPU
		{FAA49C83-1D50-420D-8813-3AFF4F6DE354}.Release|Any CPU.Build.0 = Release|Any CPU
	EndGlobalSection
	GlobalSection(SolutionProperties) = preSolution
		HideSolutionNode = FALSE
	EndGlobalSection
	GlobalSection(ExtensibilityGlobals) = postSolution
		SolutionGuid = {78B060BF-3A50-46AD-9CDC-A53814B2EC91}
	EndGlobalSection
EndGlobal
